{
  "nodes": {
    "n2l": {
      "locked": {
        "lastModified": 1745878523,
        "narHash": "sha256-hzDMLJNk5e7J5sh/e2Tkhco0A048Tu06cLa3QY3sH+E=",
        "owner": "BirdeeHub",
        "repo": "nixToLua",
        "rev": "42cc3d283baf6c66ec71fd97eea9dde1ca6b0b67",
        "type": "github"
      },
      "original": {
        "owner": "BirdeeHub",
        "repo": "nixToLua",
        "type": "github"
      }
    },
    "nixpkgs": {
      "locked": {
        "lastModified": 1747426788,
        "narHash": "sha256-N4cp0asTsJCnRMFZ/k19V9akkxb7J/opG+K+jU57JGc=",
        "owner": "nixos",
        "repo": "nixpkgs",
        "rev": "12a55407652e04dcf2309436eb06fef0d3713ef3",
        "type": "github"
      },
      "original": {
        "owner": "nixos",
        "ref": "nixpkgs-unstable",
        "repo": "nixpkgs",
        "type": "github"
      }
    },
    "root": {
      "inputs": {
        "n2l": "n2l",
        "nixpkgs": "nixpkgs"
      }
    }
  },
  "root": "root",
  "version": 7
}
