{
  "nodes": {
    "n2l": {
      "locked": {
        "lastModified": 1748756411,
        "narHash": "sha256-jmfRRsxCVV+/2KnDVrMG/RBKFOARDpSrYICqQ6vnSjw=",
        "owner": "BirdeeHub",
        "repo": "nixToLua",
        "rev": "a701038ccfe76833f678e3c643a2b0f4291c1cea",
        "type": "github"
      },
      "original": {
        "owner": "BirdeeHub",
        "repo": "nixToLua",
        "type": "github"
      }
    },
    "nixpkgs": {
      "locked": {
        "lastModified": 1767364772,
        "narHash": "sha256-fFUnEYMla8b7UKjijLnMe+oVFOz6HjijGGNS1l7dYaQ=",
        "owner": "nixos",
        "repo": "nixpkgs",
        "rev": "16c7794d0a28b5a37904d55bcca36003b9109aaa",
        "type": "github"
      },
      "original": {
        "owner": "nixos",
        "ref": "nixpkgs-unstable",
        "repo": "nixpkgs",
        "type": "github"
      }
    },
    "root": {
      "inputs": {
        "n2l": "n2l",
        "nixpkgs": "nixpkgs"
      }
    }
  },
  "root": "root",
  "version": 7
}
