{
  "nodes": {
    "n2l": {
      "locked": {
        "lastModified": 1745841364,
        "narHash": "sha256-g5+L5Fkl7/XELtpRLVH/8qTLdK0qrKNw7XU3byNl2Lg=",
        "owner": "BirdeeHub",
        "repo": "nixToLua",
        "rev": "fc11212abfca2ca8ac2e9d478ae45f6b13e0a1cc",
        "type": "github"
      },
      "original": {
        "owner": "BirdeeHub",
        "repo": "nixToLua",
        "type": "github"
      }
    },
    "nixpkgs": {
      "locked": {
        "lastModified": 1745377448,
        "narHash": "sha256-jhZDfXVKdD7TSEGgzFJQvEEZ2K65UMiqW5YJ2aIqxMA=",
        "owner": "nixos",
        "repo": "nixpkgs",
        "rev": "507b63021ada5fee621b6ca371c4fca9ca46f52c",
        "type": "github"
      },
      "original": {
        "owner": "nixos",
        "ref": "nixpkgs-unstable",
        "repo": "nixpkgs",
        "type": "github"
      }
    },
    "root": {
      "inputs": {
        "n2l": "n2l",
        "nixpkgs": "nixpkgs"
      }
    }
  },
  "root": "root",
  "version": 7
}
